{
  "name": "holly_website",
  "lockfileVersion": 3,
  "requires": true,
  "packages": {
    "": {
      "dependencies": {
        "@fontsource/karla": "^5.0.19"
      }
    },
    "node_modules/@fontsource/karla": {
      "version": "5.0.19",
      "resolved": "https://registry.npmjs.org/@fontsource/karla/-/karla-5.0.19.tgz",
      "integrity": "sha512-0OjZTKSxHfYREKvcYfP7ri1RzOVUGNb33lDOt+vZTs17vduIS4tl3R61rVCP1Mt1X1Ba1Y4CNj7WBpsGAgR7HA=="
    }
  }
}
